dependencies:
- name: postgresql
  repository: https://charts.bitnami.com/bitnami
  version: 16.0.1
- name: redis
  repository: https://charts.bitnami.com/bitnami
  version: 20.2.0
digest: sha256:f6a940371cb351dd64d7c63530793e4e8bcfc92b4100889e306e7421fad9c592
generated: "2024-10-09T22:28:39.43128+02:00"
