dependencies:
- name: postgresql
  repository: https://charts.bitnami.com/bitnami
  version: 15.5.15
- name: redis
  repository: https://charts.bitnami.com/bitnami
  version: 18.1.1
digest: sha256:2fc0455e060a345ff3dea9d7ab4bc31983d71523a84df20dedb7bacaf5ade8bd
generated: "2024-07-10T11:59:53.185421-07:00"
